lockfileVersion: '9.0'

settings:
  autoInstallPeers: true
  excludeLinksFromLockfile: false

importers:

  .:
    devDependencies:
      '@stencil/core':
        specifier: ^4.26.0
        version: 4.26.0
      prettier:
        specifier: ^3.5.1
        version: 3.5.1

packages:

  '@stencil/core@4.26.0':
    resolution: {integrity: sha512-+0Inu+dJ9/LgWSskcZwx7v17v4GILcwIYxNgD+OuK0U+D5z61WsxWw7yHkYG5OqGPBijsJMVssYRx/Tn+e7F9A==}
    engines: {node: '>=16.0.0', npm: '>=7.10.0'}
    hasBin: true

  prettier@3.5.1:
    resolution: {integrity: sha512-hPpFQvHwL3Qv5AdRvBFMhnKo4tYxp0ReXiPn2bxkiohEX6mBeBwEpBSQTkD458RaaDKQMYSp4hX4UtfUTA5wDw==}
    engines: {node: '>=14'}
    hasBin: true

snapshots:

  '@stencil/core@4.26.0': {}

  prettier@3.5.1: {}
